// !$*UTF8*$!
{
	archiveVersion = 1;
	classes = {
	};
	objectVersion = 48;
	objects = {

/* Begin PBXBuildFile section */
		1D826D942050FE83006C8478 /* LectureStatusTableViewCell.swift in Sources */ = {isa = PBXBuildFile; fileRef = 1D826D932050FE83006C8478 /* LectureStatusTableViewCell.swift */; };
		1D826D9620514E70006C8478 /* InfoModel.swift in Sources */ = {isa = PBXBuildFile; fileRef = 1D826D9520514E70006C8478 /* InfoModel.swift */; };
		1D826DA02052C223006C8478 /* InfoViewModel.swift in Sources */ = {isa = PBXBuildFile; fileRef = 1D826D9F2052C223006C8478 /* InfoViewModel.swift */; };
		1DB413A12050405C00E156C7 /* GPATableViewCell.swift in Sources */ = {isa = PBXBuildFile; fileRef = 1DB4139A2050405C00E156C7 /* GPATableViewCell.swift */; };
		1DB413A22050405C00E156C7 /* GPAModel.swift in Sources */ = {isa = PBXBuildFile; fileRef = 1DB4139B2050405C00E156C7 /* GPAModel.swift */; };
		1DB413A32050405C00E156C7 /* GPAStatusTableViewCell.swift in Sources */ = {isa = PBXBuildFile; fileRef = 1DB4139C2050405C00E156C7 /* GPAStatusTableViewCell.swift */; };
		1DB413A42050405C00E156C7 /* GPATableViewDelegate.swift in Sources */ = {isa = PBXBuildFile; fileRef = 1DB4139D2050405C00E156C7 /* GPATableViewDelegate.swift */; };
		1DB413A52050405C00E156C7 /* GPAViewController.swift in Sources */ = {isa = PBXBuildFile; fileRef = 1DB4139E2050405C00E156C7 /* GPAViewController.swift */; };
		1DB413A62050405C00E156C7 /* GPAViewModel.swift in Sources */ = {isa = PBXBuildFile; fileRef = 1DB4139F2050405C00E156C7 /* GPAViewModel.swift */; };
		1DB413B1205040AC00E156C7 /* SRTPTableViewDelegate.swift in Sources */ = {isa = PBXBuildFile; fileRef = 1DB413AB205040AB00E156C7 /* SRTPTableViewDelegate.swift */; };
		1DB413B2205040AC00E156C7 /* SRTPTableViewCell.swift in Sources */ = {isa = PBXBuildFile; fileRef = 1DB413AC205040AB00E156C7 /* SRTPTableViewCell.swift */; };
		1DB413B3205040AC00E156C7 /* SRTPViewController.swift in Sources */ = {isa = PBXBuildFile; fileRef = 1DB413AD205040AB00E156C7 /* SRTPViewController.swift */; };
		1DB413B4205040AC00E156C7 /* SRTPModel.swift in Sources */ = {isa = PBXBuildFile; fileRef = 1DB413AE205040AB00E156C7 /* SRTPModel.swift */; };
		1DB413B5205040AC00E156C7 /* SRTPStatusTableViewCell.swift in Sources */ = {isa = PBXBuildFile; fileRef = 1DB413AF205040AB00E156C7 /* SRTPStatusTableViewCell.swift */; };
		1DB413B6205040AC00E156C7 /* SRTPViewModel.swift in Sources */ = {isa = PBXBuildFile; fileRef = 1DB413B0205040AB00E156C7 /* SRTPViewModel.swift */; };
		1DB413BD205040C000E156C7 /* LectureViewModel.swift in Sources */ = {isa = PBXBuildFile; fileRef = 1DB413B8205040C000E156C7 /* LectureViewModel.swift */; };
		1DB413BE205040C000E156C7 /* LectureViewController.swift in Sources */ = {isa = PBXBuildFile; fileRef = 1DB413B9205040C000E156C7 /* LectureViewController.swift */; };
		1DB413BF205040C000E156C7 /* LectureTableViewDelegate.swift in Sources */ = {isa = PBXBuildFile; fileRef = 1DB413BA205040C000E156C7 /* LectureTableViewDelegate.swift */; };
		1DB413C0205040C000E156C7 /* LectureModel.swift in Sources */ = {isa = PBXBuildFile; fileRef = 1DB413BB205040C000E156C7 /* LectureModel.swift */; };
		1DB413C1205040C000E156C7 /* LectureTableViewCell.swift in Sources */ = {isa = PBXBuildFile; fileRef = 1DB413BC205040C000E156C7 /* LectureTableViewCell.swift */; };
		5325CA8A202969D100FE3974 /* CarouselProtocol.swift in Sources */ = {isa = PBXBuildFile; fileRef = 5325CA89202969D100FE3974 /* CarouselProtocol.swift */; };
		53352EF01FA9B04D003F89D8 /* TextAttributesHelper.swift in Sources */ = {isa = PBXBuildFile; fileRef = 53352EEF1FA9B04D003F89D8 /* TextAttributesHelper.swift */; };
		5335CF161FB1AA10001AE6E0 /* CarouselFigureCell.swift in Sources */ = {isa = PBXBuildFile; fileRef = 5335CF151FB1AA10001AE6E0 /* CarouselFigureCell.swift */; };
		5335CF181FB1AC61001AE6E0 /* HomeTableViewDelegate.swift in Sources */ = {isa = PBXBuildFile; fileRef = 5335CF171FB1AC61001AE6E0 /* HomeTableViewDelegate.swift */; };
		5335CF1B1FB2F677001AE6E0 /* CarouselFigureModel.swift in Sources */ = {isa = PBXBuildFile; fileRef = 5335CF1A1FB2F677001AE6E0 /* CarouselFigureModel.swift */; };
		5335CF1E1FB2F6F5001AE6E0 /* CarouselFigureViewModel.swift in Sources */ = {isa = PBXBuildFile; fileRef = 5335CF1D1FB2F6F5001AE6E0 /* CarouselFigureViewModel.swift */; };
		533F8FD91FA78A8700040A01 /* ErrorHelper.swift in Sources */ = {isa = PBXBuildFile; fileRef = 533F8FD81FA78A8700040A01 /* ErrorHelper.swift */; };
		533F8FDE1FA86CBB00040A01 /* ActivityViewController.swift in Sources */ = {isa = PBXBuildFile; fileRef = 533F8FDD1FA86CBB00040A01 /* ActivityViewController.swift */; };
		533F8FE11FA86CDB00040A01 /* MineViewController.swift in Sources */ = {isa = PBXBuildFile; fileRef = 533F8FE01FA86CDB00040A01 /* MineViewController.swift */; };
		533F8FE41FA86D3400040A01 /* HomeViewController.swift in Sources */ = {isa = PBXBuildFile; fileRef = 533F8FE31FA86D3400040A01 /* HomeViewController.swift */; };
		533F8FE61FA86F9F00040A01 /* User.swift in Sources */ = {isa = PBXBuildFile; fileRef = 533F8FE51FA86F9F00040A01 /* User.swift */; };
		538581911F9E1C99003933FA /* ExtUIView.swift in Sources */ = {isa = PBXBuildFile; fileRef = 538581901F9E1C99003933FA /* ExtUIView.swift */; };
		538581931F9E1CC9003933FA /* LoginViewModel.swift in Sources */ = {isa = PBXBuildFile; fileRef = 538581921F9E1CC9003933FA /* LoginViewModel.swift */; };
		538581951F9E1D2E003933FA /* LoginModel.swift in Sources */ = {isa = PBXBuildFile; fileRef = 538581941F9E1D2E003933FA /* LoginModel.swift */; };
		538581981F9E1EDF003933FA /* HearldUserDefault.swift in Sources */ = {isa = PBXBuildFile; fileRef = 538581971F9E1EDF003933FA /* HearldUserDefault.swift */; };
		5385819A1F9E4327003933FA /* MainNavigationController.swift in Sources */ = {isa = PBXBuildFile; fileRef = 538581991F9E4327003933FA /* MainNavigationController.swift */; };
		5385819C1F9E4356003933FA /* MainTabBarController.swift in Sources */ = {isa = PBXBuildFile; fileRef = 5385819B1F9E4356003933FA /* MainTabBarController.swift */; };
		5385819F1F9E4556003933FA /* SnapKit.swift in Sources */ = {isa = PBXBuildFile; fileRef = 5385819E1F9E4556003933FA /* SnapKit.swift */; };
		538581A11F9E4586003933FA /* Realm.swift in Sources */ = {isa = PBXBuildFile; fileRef = 538581A01F9E4586003933FA /* Realm.swift */; };
		538581A31F9E459D003933FA /* ApiRouter.swift in Sources */ = {isa = PBXBuildFile; fileRef = 538581A21F9E459D003933FA /* ApiRouter.swift */; };
		538581A51F9E45AF003933FA /* ExtString.swift in Sources */ = {isa = PBXBuildFile; fileRef = 538581A41F9E45AF003933FA /* ExtString.swift */; };
		538581A71F9E45DD003933FA /* ExtUIImage.swift in Sources */ = {isa = PBXBuildFile; fileRef = 538581A61F9E45DD003933FA /* ExtUIImage.swift */; };
		53877D711FAB731000606E6B /* ActivityTableViewCell.swift in Sources */ = {isa = PBXBuildFile; fileRef = 53877D701FAB731000606E6B /* ActivityTableViewCell.swift */; };
		53877D731FAB792000606E6B /* ActivityModel.swift in Sources */ = {isa = PBXBuildFile; fileRef = 53877D721FAB792000606E6B /* ActivityModel.swift */; };
		53877D751FAB793100606E6B /* ActivityViewModel.swift in Sources */ = {isa = PBXBuildFile; fileRef = 53877D741FAB793100606E6B /* ActivityViewModel.swift */; };
		53877D771FAC36C600606E6B /* ActivityTableViewDelegate.swift in Sources */ = {isa = PBXBuildFile; fileRef = 53877D761FAC36C600606E6B /* ActivityTableViewDelegate.swift */; };
		53877D791FAD4DD700606E6B /* GCalendar.swift in Sources */ = {isa = PBXBuildFile; fileRef = 53877D781FAD4DD700606E6B /* GCalendar.swift */; };
		53877D7B1FAD635E00606E6B /* SwitchTableViewCell.swift in Sources */ = {isa = PBXBuildFile; fileRef = 53877D7A1FAD635E00606E6B /* SwitchTableViewCell.swift */; };
		53877D7D1FAD64E900606E6B /* SubTitleTableViewCell.swift in Sources */ = {isa = PBXBuildFile; fileRef = 53877D7C1FAD64E900606E6B /* SubTitleTableViewCell.swift */; };
		53877D801FADCF4F00606E6B /* SwipeRefreshHeader.swift in Sources */ = {isa = PBXBuildFile; fileRef = 53877D7F1FADCF4F00606E6B /* SwipeRefreshHeader.swift */; };
		53877D821FADD6EE00606E6B /* ExtUIViewController.swift in Sources */ = {isa = PBXBuildFile; fileRef = 53877D811FADD6EE00606E6B /* ExtUIViewController.swift */; };
		53877D841FADDEA300606E6B /* PullLoadFooter.swift in Sources */ = {isa = PBXBuildFile; fileRef = 53877D831FADDEA300606E6B /* PullLoadFooter.swift */; };
		53915EB91F9CE07800AA0B81 /* AppDelegate.swift in Sources */ = {isa = PBXBuildFile; fileRef = 53915EB81F9CE07800AA0B81 /* AppDelegate.swift */; };
		53915EBE1F9CE07800AA0B81 /* Main.storyboard in Resources */ = {isa = PBXBuildFile; fileRef = 53915EBC1F9CE07800AA0B81 /* Main.storyboard */; };
		53915EC01F9CE07800AA0B81 /* Assets.xcassets in Resources */ = {isa = PBXBuildFile; fileRef = 53915EBF1F9CE07800AA0B81 /* Assets.xcassets */; };
		53915EC31F9CE07800AA0B81 /* LaunchScreen.storyboard in Resources */ = {isa = PBXBuildFile; fileRef = 53915EC11F9CE07800AA0B81 /* LaunchScreen.storyboard */; };
		53915ED41F9CE22900AA0B81 /* LoginViewController.swift in Sources */ = {isa = PBXBuildFile; fileRef = 53915ED31F9CE22900AA0B81 /* LoginViewController.swift */; };
		539C40481FAF4B6100EBADC1 /* WebViewController.swift in Sources */ = {isa = PBXBuildFile; fileRef = 539C40471FAF4B6100EBADC1 /* WebViewController.swift */; };
		539C404A1FAF568200EBADC1 /* MineTableViewDelegate.swift in Sources */ = {isa = PBXBuildFile; fileRef = 539C40491FAF568200EBADC1 /* MineTableViewDelegate.swift */; };
		539C404C1FAF6E2600EBADC1 /* NormalTableViewCell.swift in Sources */ = {isa = PBXBuildFile; fileRef = 539C404B1FAF6E2600EBADC1 /* NormalTableViewCell.swift */; };
		53D6F8681F9E55CE00CF248F /* ValidInputHelper.swift in Sources */ = {isa = PBXBuildFile; fileRef = 53D6F8671F9E55CE00CF248F /* ValidInputHelper.swift */; };
		53E354272070C2DB00D48373 /* InfoTableViewCell.swift in Sources */ = {isa = PBXBuildFile; fileRef = 53E354262070C2DB00D48373 /* InfoTableViewCell.swift */; };
		53E354292070C5DC00D48373 /* HeraldColorHelper.swift in Sources */ = {isa = PBXBuildFile; fileRef = 53E354282070C5DC00D48373 /* HeraldColorHelper.swift */; };
		750F66A9CE08F7CA410EA0EA /* Pods_Hearld_iOS_v2.framework in Frameworks */ = {isa = PBXBuildFile; fileRef = 3E4C73D39C430573CA20A237 /* Pods_Hearld_iOS_v2.framework */; };
/* End PBXBuildFile section */

/* Begin PBXFileReference section */
		1D826D932050FE83006C8478 /* LectureStatusTableViewCell.swift */ = {isa = PBXFileReference; lastKnownFileType = sourcecode.swift; path = LectureStatusTableViewCell.swift; sourceTree = "<group>"; };
		1D826D9520514E70006C8478 /* InfoModel.swift */ = {isa = PBXFileReference; lastKnownFileType = sourcecode.swift; path = InfoModel.swift; sourceTree = "<group>"; };
		1D826D9F2052C223006C8478 /* InfoViewModel.swift */ = {isa = PBXFileReference; lastKnownFileType = sourcecode.swift; path = InfoViewModel.swift; sourceTree = "<group>"; };
		1DB4139A2050405C00E156C7 /* GPATableViewCell.swift */ = {isa = PBXFileReference; fileEncoding = 4; lastKnownFileType = sourcecode.swift; path = GPATableViewCell.swift; sourceTree = "<group>"; };
		1DB4139B2050405C00E156C7 /* GPAModel.swift */ = {isa = PBXFileReference; fileEncoding = 4; lastKnownFileType = sourcecode.swift; path = GPAModel.swift; sourceTree = "<group>"; };
		1DB4139C2050405C00E156C7 /* GPAStatusTableViewCell.swift */ = {isa = PBXFileReference; fileEncoding = 4; lastKnownFileType = sourcecode.swift; path = GPAStatusTableViewCell.swift; sourceTree = "<group>"; };
		1DB4139D2050405C00E156C7 /* GPATableViewDelegate.swift */ = {isa = PBXFileReference; fileEncoding = 4; lastKnownFileType = sourcecode.swift; path = GPATableViewDelegate.swift; sourceTree = "<group>"; };
		1DB4139E2050405C00E156C7 /* GPAViewController.swift */ = {isa = PBXFileReference; fileEncoding = 4; lastKnownFileType = sourcecode.swift; path = GPAViewController.swift; sourceTree = "<group>"; };
		1DB4139F2050405C00E156C7 /* GPAViewModel.swift */ = {isa = PBXFileReference; fileEncoding = 4; lastKnownFileType = sourcecode.swift; path = GPAViewModel.swift; sourceTree = "<group>"; };
		1DB413AB205040AB00E156C7 /* SRTPTableViewDelegate.swift */ = {isa = PBXFileReference; fileEncoding = 4; lastKnownFileType = sourcecode.swift; path = SRTPTableViewDelegate.swift; sourceTree = "<group>"; };
		1DB413AC205040AB00E156C7 /* SRTPTableViewCell.swift */ = {isa = PBXFileReference; fileEncoding = 4; lastKnownFileType = sourcecode.swift; path = SRTPTableViewCell.swift; sourceTree = "<group>"; };
		1DB413AD205040AB00E156C7 /* SRTPViewController.swift */ = {isa = PBXFileReference; fileEncoding = 4; lastKnownFileType = sourcecode.swift; path = SRTPViewController.swift; sourceTree = "<group>"; };
		1DB413AE205040AB00E156C7 /* SRTPModel.swift */ = {isa = PBXFileReference; fileEncoding = 4; lastKnownFileType = sourcecode.swift; path = SRTPModel.swift; sourceTree = "<group>"; };
		1DB413AF205040AB00E156C7 /* SRTPStatusTableViewCell.swift */ = {isa = PBXFileReference; fileEncoding = 4; lastKnownFileType = sourcecode.swift; path = SRTPStatusTableViewCell.swift; sourceTree = "<group>"; };
		1DB413B0205040AB00E156C7 /* SRTPViewModel.swift */ = {isa = PBXFileReference; fileEncoding = 4; lastKnownFileType = sourcecode.swift; path = SRTPViewModel.swift; sourceTree = "<group>"; };
		1DB413B8205040C000E156C7 /* LectureViewModel.swift */ = {isa = PBXFileReference; fileEncoding = 4; lastKnownFileType = sourcecode.swift; path = LectureViewModel.swift; sourceTree = "<group>"; };
		1DB413B9205040C000E156C7 /* LectureViewController.swift */ = {isa = PBXFileReference; fileEncoding = 4; lastKnownFileType = sourcecode.swift; path = LectureViewController.swift; sourceTree = "<group>"; };
		1DB413BA205040C000E156C7 /* LectureTableViewDelegate.swift */ = {isa = PBXFileReference; fileEncoding = 4; lastKnownFileType = sourcecode.swift; path = LectureTableViewDelegate.swift; sourceTree = "<group>"; };
		1DB413BB205040C000E156C7 /* LectureModel.swift */ = {isa = PBXFileReference; fileEncoding = 4; lastKnownFileType = sourcecode.swift; path = LectureModel.swift; sourceTree = "<group>"; };
		1DB413BC205040C000E156C7 /* LectureTableViewCell.swift */ = {isa = PBXFileReference; fileEncoding = 4; lastKnownFileType = sourcecode.swift; path = LectureTableViewCell.swift; sourceTree = "<group>"; };
		3E4C73D39C430573CA20A237 /* Pods_Hearld_iOS_v2.framework */ = {isa = PBXFileReference; explicitFileType = wrapper.framework; includeInIndex = 0; path = Pods_Hearld_iOS_v2.framework; sourceTree = BUILT_PRODUCTS_DIR; };
		5325CA89202969D100FE3974 /* CarouselProtocol.swift */ = {isa = PBXFileReference; lastKnownFileType = sourcecode.swift; path = CarouselProtocol.swift; sourceTree = "<group>"; };
		53352EEF1FA9B04D003F89D8 /* TextAttributesHelper.swift */ = {isa = PBXFileReference; lastKnownFileType = sourcecode.swift; path = TextAttributesHelper.swift; sourceTree = "<group>"; };
		5335CF151FB1AA10001AE6E0 /* CarouselFigureCell.swift */ = {isa = PBXFileReference; lastKnownFileType = sourcecode.swift; path = CarouselFigureCell.swift; sourceTree = "<group>"; };
		5335CF171FB1AC61001AE6E0 /* HomeTableViewDelegate.swift */ = {isa = PBXFileReference; lastKnownFileType = sourcecode.swift; path = HomeTableViewDelegate.swift; sourceTree = "<group>"; };
		5335CF1A1FB2F677001AE6E0 /* CarouselFigureModel.swift */ = {isa = PBXFileReference; lastKnownFileType = sourcecode.swift; path = CarouselFigureModel.swift; sourceTree = "<group>"; };
		5335CF1D1FB2F6F5001AE6E0 /* CarouselFigureViewModel.swift */ = {isa = PBXFileReference; lastKnownFileType = sourcecode.swift; path = CarouselFigureViewModel.swift; sourceTree = "<group>"; };
		533F8FD81FA78A8700040A01 /* ErrorHelper.swift */ = {isa = PBXFileReference; lastKnownFileType = sourcecode.swift; path = ErrorHelper.swift; sourceTree = "<group>"; };
		533F8FDD1FA86CBB00040A01 /* ActivityViewController.swift */ = {isa = PBXFileReference; lastKnownFileType = sourcecode.swift; path = ActivityViewController.swift; sourceTree = "<group>"; };
		533F8FE01FA86CDB00040A01 /* MineViewController.swift */ = {isa = PBXFileReference; lastKnownFileType = sourcecode.swift; path = MineViewController.swift; sourceTree = "<group>"; };
		533F8FE31FA86D3400040A01 /* HomeViewController.swift */ = {isa = PBXFileReference; lastKnownFileType = sourcecode.swift; path = HomeViewController.swift; sourceTree = "<group>"; };
		533F8FE51FA86F9F00040A01 /* User.swift */ = {isa = PBXFileReference; lastKnownFileType = sourcecode.swift; path = User.swift; sourceTree = "<group>"; };
		538581901F9E1C99003933FA /* ExtUIView.swift */ = {isa = PBXFileReference; lastKnownFileType = sourcecode.swift; path = ExtUIView.swift; sourceTree = "<group>"; };
		538581921F9E1CC9003933FA /* LoginViewModel.swift */ = {isa = PBXFileReference; lastKnownFileType = sourcecode.swift; path = LoginViewModel.swift; sourceTree = "<group>"; };
		538581941F9E1D2E003933FA /* LoginModel.swift */ = {isa = PBXFileReference; lastKnownFileType = sourcecode.swift; path = LoginModel.swift; sourceTree = "<group>"; };
		538581971F9E1EDF003933FA /* HearldUserDefault.swift */ = {isa = PBXFileReference; lastKnownFileType = sourcecode.swift; path = HearldUserDefault.swift; sourceTree = "<group>"; };
		538581991F9E4327003933FA /* MainNavigationController.swift */ = {isa = PBXFileReference; lastKnownFileType = sourcecode.swift; path = MainNavigationController.swift; sourceTree = "<group>"; };
		5385819B1F9E4356003933FA /* MainTabBarController.swift */ = {isa = PBXFileReference; lastKnownFileType = sourcecode.swift; path = MainTabBarController.swift; sourceTree = "<group>"; };
		5385819E1F9E4556003933FA /* SnapKit.swift */ = {isa = PBXFileReference; lastKnownFileType = sourcecode.swift; path = SnapKit.swift; sourceTree = "<group>"; };
		538581A01F9E4586003933FA /* Realm.swift */ = {isa = PBXFileReference; lastKnownFileType = sourcecode.swift; path = Realm.swift; sourceTree = "<group>"; };
		538581A21F9E459D003933FA /* ApiRouter.swift */ = {isa = PBXFileReference; lastKnownFileType = sourcecode.swift; path = ApiRouter.swift; sourceTree = "<group>"; };
		538581A41F9E45AF003933FA /* ExtString.swift */ = {isa = PBXFileReference; lastKnownFileType = sourcecode.swift; path = ExtString.swift; sourceTree = "<group>"; };
		538581A61F9E45DD003933FA /* ExtUIImage.swift */ = {isa = PBXFileReference; lastKnownFileType = sourcecode.swift; path = ExtUIImage.swift; sourceTree = "<group>"; };
		53877D701FAB731000606E6B /* ActivityTableViewCell.swift */ = {isa = PBXFileReference; lastKnownFileType = sourcecode.swift; path = ActivityTableViewCell.swift; sourceTree = "<group>"; };
		53877D721FAB792000606E6B /* ActivityModel.swift */ = {isa = PBXFileReference; lastKnownFileType = sourcecode.swift; path = ActivityModel.swift; sourceTree = "<group>"; };
		53877D741FAB793100606E6B /* ActivityViewModel.swift */ = {isa = PBXFileReference; lastKnownFileType = sourcecode.swift; path = ActivityViewModel.swift; sourceTree = "<group>"; };
		53877D761FAC36C600606E6B /* ActivityTableViewDelegate.swift */ = {isa = PBXFileReference; lastKnownFileType = sourcecode.swift; path = ActivityTableViewDelegate.swift; sourceTree = "<group>"; };
		53877D781FAD4DD700606E6B /* GCalendar.swift */ = {isa = PBXFileReference; lastKnownFileType = sourcecode.swift; path = GCalendar.swift; sourceTree = "<group>"; };
		53877D7A1FAD635E00606E6B /* SwitchTableViewCell.swift */ = {isa = PBXFileReference; lastKnownFileType = sourcecode.swift; path = SwitchTableViewCell.swift; sourceTree = "<group>"; };
		53877D7C1FAD64E900606E6B /* SubTitleTableViewCell.swift */ = {isa = PBXFileReference; lastKnownFileType = sourcecode.swift; path = SubTitleTableViewCell.swift; sourceTree = "<group>"; };
		53877D7F1FADCF4F00606E6B /* SwipeRefreshHeader.swift */ = {isa = PBXFileReference; lastKnownFileType = sourcecode.swift; path = SwipeRefreshHeader.swift; sourceTree = "<group>"; };
		53877D811FADD6EE00606E6B /* ExtUIViewController.swift */ = {isa = PBXFileReference; lastKnownFileType = sourcecode.swift; path = ExtUIViewController.swift; sourceTree = "<group>"; };
		53877D831FADDEA300606E6B /* PullLoadFooter.swift */ = {isa = PBXFileReference; lastKnownFileType = sourcecode.swift; path = PullLoadFooter.swift; sourceTree = "<group>"; };
		53915EB51F9CE07800AA0B81 /* Hearld_iOS_v2.app */ = {isa = PBXFileReference; explicitFileType = wrapper.application; includeInIndex = 0; path = Hearld_iOS_v2.app; sourceTree = BUILT_PRODUCTS_DIR; };
		53915EB81F9CE07800AA0B81 /* AppDelegate.swift */ = {isa = PBXFileReference; lastKnownFileType = sourcecode.swift; path = AppDelegate.swift; sourceTree = "<group>"; };
		53915EBD1F9CE07800AA0B81 /* Base */ = {isa = PBXFileReference; lastKnownFileType = file.storyboard; name = Base; path = Base.lproj/Main.storyboard; sourceTree = "<group>"; };
		53915EBF1F9CE07800AA0B81 /* Assets.xcassets */ = {isa = PBXFileReference; lastKnownFileType = folder.assetcatalog; path = Assets.xcassets; sourceTree = "<group>"; };
		53915EC21F9CE07800AA0B81 /* Base */ = {isa = PBXFileReference; lastKnownFileType = file.storyboard; name = Base; path = Base.lproj/LaunchScreen.storyboard; sourceTree = "<group>"; };
		53915EC41F9CE07800AA0B81 /* Info.plist */ = {isa = PBXFileReference; lastKnownFileType = text.plist.xml; path = Info.plist; sourceTree = "<group>"; };
		53915ED31F9CE22900AA0B81 /* LoginViewController.swift */ = {isa = PBXFileReference; lastKnownFileType = sourcecode.swift; path = LoginViewController.swift; sourceTree = "<group>"; };
		539C40471FAF4B6100EBADC1 /* WebViewController.swift */ = {isa = PBXFileReference; lastKnownFileType = sourcecode.swift; path = WebViewController.swift; sourceTree = "<group>"; };
		539C40491FAF568200EBADC1 /* MineTableViewDelegate.swift */ = {isa = PBXFileReference; lastKnownFileType = sourcecode.swift; path = MineTableViewDelegate.swift; sourceTree = "<group>"; };
		539C404B1FAF6E2600EBADC1 /* NormalTableViewCell.swift */ = {isa = PBXFileReference; lastKnownFileType = sourcecode.swift; path = NormalTableViewCell.swift; sourceTree = "<group>"; };
		53D6F8671F9E55CE00CF248F /* ValidInputHelper.swift */ = {isa = PBXFileReference; lastKnownFileType = sourcecode.swift; path = ValidInputHelper.swift; sourceTree = "<group>"; };
		53E354262070C2DB00D48373 /* InfoTableViewCell.swift */ = {isa = PBXFileReference; lastKnownFileType = sourcecode.swift; path = InfoTableViewCell.swift; sourceTree = "<group>"; };
		53E354282070C5DC00D48373 /* HeraldColorHelper.swift */ = {isa = PBXFileReference; lastKnownFileType = sourcecode.swift; path = HeraldColorHelper.swift; sourceTree = "<group>"; };
		7508DE1DAD4A0E65179A11D2 /* Pods-Hearld_iOS_v2.debug.xcconfig */ = {isa = PBXFileReference; includeInIndex = 1; lastKnownFileType = text.xcconfig; name = "Pods-Hearld_iOS_v2.debug.xcconfig"; path = "Pods/Target Support Files/Pods-Hearld_iOS_v2/Pods-Hearld_iOS_v2.debug.xcconfig"; sourceTree = "<group>"; };
		EE83E3FEDD6016DA3F021CE1 /* Pods-Hearld_iOS_v2.release.xcconfig */ = {isa = PBXFileReference; includeInIndex = 1; lastKnownFileType = text.xcconfig; name = "Pods-Hearld_iOS_v2.release.xcconfig"; path = "Pods/Target Support Files/Pods-Hearld_iOS_v2/Pods-Hearld_iOS_v2.release.xcconfig"; sourceTree = "<group>"; };
/* End PBXFileReference section */

/* Begin PBXFrameworksBuildPhase section */
		53915EB21F9CE07800AA0B81 /* Frameworks */ = {
			isa = PBXFrameworksBuildPhase;
			buildActionMask = 2147483647;
			files = (
				750F66A9CE08F7CA410EA0EA /* Pods_Hearld_iOS_v2.framework in Frameworks */,
			);
			runOnlyForDeploymentPostprocessing = 0;
		};
/* End PBXFrameworksBuildPhase section */

/* Begin PBXGroup section */
		1D826D972052BD03006C8478 /* InfoTableViewCell */ = {
			isa = PBXGroup;
			children = (
				53E354262070C2DB00D48373 /* InfoTableViewCell.swift */,
			);
			path = InfoTableViewCell;
			sourceTree = "<group>";
		};
		1DB413992050405C00E156C7 /* GPAModule */ = {
			isa = PBXGroup;
			children = (
				1DB4139B2050405C00E156C7 /* GPAModel.swift */,
				1DB4139E2050405C00E156C7 /* GPAViewController.swift */,
				1DB4139F2050405C00E156C7 /* GPAViewModel.swift */,
				1DB4139D2050405C00E156C7 /* GPATableViewDelegate.swift */,
				1DB4139A2050405C00E156C7 /* GPATableViewCell.swift */,
				1DB4139C2050405C00E156C7 /* GPAStatusTableViewCell.swift */,
			);
			path = GPAModule;
			sourceTree = "<group>";
		};
		1DB413AA205040AB00E156C7 /* SRTPModule */ = {
			isa = PBXGroup;
			children = (
				1DB413AE205040AB00E156C7 /* SRTPModel.swift */,
				1DB413AD205040AB00E156C7 /* SRTPViewController.swift */,
				1DB413B0205040AB00E156C7 /* SRTPViewModel.swift */,
				1DB413AB205040AB00E156C7 /* SRTPTableViewDelegate.swift */,
				1DB413AC205040AB00E156C7 /* SRTPTableViewCell.swift */,
				1DB413AF205040AB00E156C7 /* SRTPStatusTableViewCell.swift */,
			);
			name = SRTPModule;
			path = Hearld_iOS_v2/Classes/Modules/SRTPModule;
			sourceTree = SOURCE_ROOT;
		};
		1DB413B7205040C000E156C7 /* LectureModule */ = {
			isa = PBXGroup;
			children = (
				1DB413BB205040C000E156C7 /* LectureModel.swift */,
				1DB413B9205040C000E156C7 /* LectureViewController.swift */,
				1DB413B8205040C000E156C7 /* LectureViewModel.swift */,
				1D826D932050FE83006C8478 /* LectureStatusTableViewCell.swift */,
				1DB413BA205040C000E156C7 /* LectureTableViewDelegate.swift */,
				1DB413BC205040C000E156C7 /* LectureTableViewCell.swift */,
			);
			path = LectureModule;
			sourceTree = "<group>";
		};
		34C141D7E9948B71B528BE7C /* Frameworks */ = {
			isa = PBXGroup;
			children = (
				3E4C73D39C430573CA20A237 /* Pods_Hearld_iOS_v2.framework */,
			);
			name = Frameworks;
			sourceTree = "<group>";
		};
		5335CF191FB2F657001AE6E0 /* Models */ = {
			isa = PBXGroup;
			children = (
				5335CF1A1FB2F677001AE6E0 /* CarouselFigureModel.swift */,
				1D826D9520514E70006C8478 /* InfoModel.swift */,
			);
			path = Models;
			sourceTree = "<group>";
		};
		5335CF1C1FB2F6CF001AE6E0 /* ViewModels */ = {
			isa = PBXGroup;
			children = (
				5335CF1D1FB2F6F5001AE6E0 /* CarouselFigureViewModel.swift */,
				1D826D9F2052C223006C8478 /* InfoViewModel.swift */,
			);
			path = ViewModels;
			sourceTree = "<group>";
		};
		5335CF1F1FB2F72B001AE6E0 /* TableViewCells */ = {
			isa = PBXGroup;
			children = (
				1D826D972052BD03006C8478 /* InfoTableViewCell */,
				53EDB9B7203F426700D51A09 /* CarouselFigureCell */,
			);
			path = TableViewCells;
			sourceTree = "<group>";
		};
		533F8FDC1FA86C6600040A01 /* ActivityModule */ = {
			isa = PBXGroup;
			children = (
				53877D721FAB792000606E6B /* ActivityModel.swift */,
				533F8FDD1FA86CBB00040A01 /* ActivityViewController.swift */,
				53877D741FAB793100606E6B /* ActivityViewModel.swift */,
				53877D701FAB731000606E6B /* ActivityTableViewCell.swift */,
				53877D761FAC36C600606E6B /* ActivityTableViewDelegate.swift */,
			);
			path = ActivityModule;
			sourceTree = "<group>";
		};
		533F8FDF1FA86CBF00040A01 /* MineModule */ = {
			isa = PBXGroup;
			children = (
				533F8FE01FA86CDB00040A01 /* MineViewController.swift */,
				539C40491FAF568200EBADC1 /* MineTableViewDelegate.swift */,
				539C404B1FAF6E2600EBADC1 /* NormalTableViewCell.swift */,
				53877D7C1FAD64E900606E6B /* SubTitleTableViewCell.swift */,
				53877D7A1FAD635E00606E6B /* SwitchTableViewCell.swift */,
			);
			path = MineModule;
			sourceTree = "<group>";
		};
		533F8FE21FA86CDE00040A01 /* HomeModule */ = {
			isa = PBXGroup;
			children = (
				533F8FE31FA86D3400040A01 /* HomeViewController.swift */,
				5335CF171FB1AC61001AE6E0 /* HomeTableViewDelegate.swift */,
				5335CF191FB2F657001AE6E0 /* Models */,
				5335CF1F1FB2F72B001AE6E0 /* TableViewCells */,
				5335CF1C1FB2F6CF001AE6E0 /* ViewModels */,
			);
			path = HomeModule;
			sourceTree = "<group>";
		};
		5385818F1F9E1BD8003933FA /* Models */ = {
			isa = PBXGroup;
			children = (
				533F8FE51FA86F9F00040A01 /* User.swift */,
			);
			path = Models;
			sourceTree = "<group>";
		};
		538581961F9E1EC3003933FA /* UserDefaults */ = {
			isa = PBXGroup;
			children = (
				538581971F9E1EDF003933FA /* HearldUserDefault.swift */,
			);
			path = UserDefaults;
			sourceTree = "<group>";
		};
		5385819D1F9E43DD003933FA /* BaseModule */ = {
			isa = PBXGroup;
			children = (
				538581991F9E4327003933FA /* MainNavigationController.swift */,
				5385819B1F9E4356003933FA /* MainTabBarController.swift */,
			);
			path = BaseModule;
			sourceTree = "<group>";
		};
		53877D7E1FADCF0500606E6B /* Views */ = {
			isa = PBXGroup;
			children = (
				53877D7F1FADCF4F00606E6B /* SwipeRefreshHeader.swift */,
				53877D831FADDEA300606E6B /* PullLoadFooter.swift */,
			);
			path = Views;
			sourceTree = "<group>";
		};
		53915EAC1F9CE07800AA0B81 = {
			isa = PBXGroup;
			children = (
				53915EB71F9CE07800AA0B81 /* Hearld_iOS_v2 */,
				53915EB61F9CE07800AA0B81 /* Products */,
				34C141D7E9948B71B528BE7C /* Frameworks */,
				541E075EE3AB0EB6C0567A53 /* Pods */,
			);
			sourceTree = "<group>";
		};
		53915EB61F9CE07800AA0B81 /* Products */ = {
			isa = PBXGroup;
			children = (
				53915EB51F9CE07800AA0B81 /* Hearld_iOS_v2.app */,
			);
			name = Products;
			sourceTree = "<group>";
		};
		53915EB71F9CE07800AA0B81 /* Hearld_iOS_v2 */ = {
			isa = PBXGroup;
			children = (
				53915EB81F9CE07800AA0B81 /* AppDelegate.swift */,
				53915ECA1F9CE1AF00AA0B81 /* Classes */,
				53915ECB1F9CE1B900AA0B81 /* Kit */,
				53915ECC1F9CE1C000AA0B81 /* Resources */,
				53915ECD1F9CE1DD00AA0B81 /* SupportingFiles */,
			);
			path = Hearld_iOS_v2;
			sourceTree = "<group>";
		};
		53915ECA1F9CE1AF00AA0B81 /* Classes */ = {
			isa = PBXGroup;
			children = (
				53915ECE1F9CE1EC00AA0B81 /* Modules */,
				53915ECF1F9CE1F200AA0B81 /* Commons */,
			);
			path = Classes;
			sourceTree = "<group>";
		};
		53915ECB1F9CE1B900AA0B81 /* Kit */ = {
			isa = PBXGroup;
			children = (
				53915ED01F9CE1FE00AA0B81 /* Utils */,
				53915ED11F9CE20400AA0B81 /* Extensions */,
			);
			path = Kit;
			sourceTree = "<group>";
		};
		53915ECC1F9CE1C000AA0B81 /* Resources */ = {
			isa = PBXGroup;
			children = (
				53915EBF1F9CE07800AA0B81 /* Assets.xcassets */,
			);
			path = Resources;
			sourceTree = "<group>";
		};
		53915ECD1F9CE1DD00AA0B81 /* SupportingFiles */ = {
			isa = PBXGroup;
			children = (
				53915EC41F9CE07800AA0B81 /* Info.plist */,
				53915EBC1F9CE07800AA0B81 /* Main.storyboard */,
				53915EC11F9CE07800AA0B81 /* LaunchScreen.storyboard */,
			);
			path = SupportingFiles;
			sourceTree = "<group>";
		};
		53915ECE1F9CE1EC00AA0B81 /* Modules */ = {
			isa = PBXGroup;
			children = (
				5385819D1F9E43DD003933FA /* BaseModule */,
				1DB413B7205040C000E156C7 /* LectureModule */,
				1DB413AA205040AB00E156C7 /* SRTPModule */,
				1DB413992050405C00E156C7 /* GPAModule */,
				533F8FE21FA86CDE00040A01 /* HomeModule */,
				533F8FDC1FA86C6600040A01 /* ActivityModule */,
				533F8FDF1FA86CBF00040A01 /* MineModule */,
				53915ED21F9CE21B00AA0B81 /* LoginModule */,
			);
			path = Modules;
			sourceTree = "<group>";
		};
		53915ECF1F9CE1F200AA0B81 /* Commons */ = {
			isa = PBXGroup;
			children = (
				539C40461FAF4B4200EBADC1 /* ViewControllers */,
				53877D7E1FADCF0500606E6B /* Views */,
				53D6F8661F9E55AF00CF248F /* Helpers */,
				5385818F1F9E1BD8003933FA /* Models */,
				538581961F9E1EC3003933FA /* UserDefaults */,
			);
			path = Commons;
			sourceTree = "<group>";
		};
		53915ED01F9CE1FE00AA0B81 /* Utils */ = {
			isa = PBXGroup;
			children = (
				5385819E1F9E4556003933FA /* SnapKit.swift */,
				538581A01F9E4586003933FA /* Realm.swift */,
				538581A21F9E459D003933FA /* ApiRouter.swift */,
				53877D781FAD4DD700606E6B /* GCalendar.swift */,
			);
			path = Utils;
			sourceTree = "<group>";
		};
		53915ED11F9CE20400AA0B81 /* Extensions */ = {
			isa = PBXGroup;
			children = (
				538581901F9E1C99003933FA /* ExtUIView.swift */,
				538581A41F9E45AF003933FA /* ExtString.swift */,
				538581A61F9E45DD003933FA /* ExtUIImage.swift */,
				53877D811FADD6EE00606E6B /* ExtUIViewController.swift */,
			);
			path = Extensions;
			sourceTree = "<group>";
		};
		53915ED21F9CE21B00AA0B81 /* LoginModule */ = {
			isa = PBXGroup;
			children = (
				538581941F9E1D2E003933FA /* LoginModel.swift */,
				53915ED31F9CE22900AA0B81 /* LoginViewController.swift */,
				538581921F9E1CC9003933FA /* LoginViewModel.swift */,
			);
			path = LoginModule;
			sourceTree = "<group>";
		};
		539C40461FAF4B4200EBADC1 /* ViewControllers */ = {
			isa = PBXGroup;
			children = (
				539C40471FAF4B6100EBADC1 /* WebViewController.swift */,
			);
			path = ViewControllers;
			sourceTree = "<group>";
		};
		53D6F8661F9E55AF00CF248F /* Helpers */ = {
			isa = PBXGroup;
			children = (
				53D6F8671F9E55CE00CF248F /* ValidInputHelper.swift */,
				533F8FD81FA78A8700040A01 /* ErrorHelper.swift */,
				53352EEF1FA9B04D003F89D8 /* TextAttributesHelper.swift */,
				53E354282070C5DC00D48373 /* HeraldColorHelper.swift */,
			);
			path = Helpers;
			sourceTree = "<group>";
		};
		53EDB9B7203F426700D51A09 /* CarouselFigureCell */ = {
			isa = PBXGroup;
			children = (
				5335CF151FB1AA10001AE6E0 /* CarouselFigureCell.swift */,
				5325CA89202969D100FE3974 /* CarouselProtocol.swift */,
			);
			path = CarouselFigureCell;
			sourceTree = "<group>";
		};
		541E075EE3AB0EB6C0567A53 /* Pods */ = {
			isa = PBXGroup;
			children = (
				7508DE1DAD4A0E65179A11D2 /* Pods-Hearld_iOS_v2.debug.xcconfig */,
				EE83E3FEDD6016DA3F021CE1 /* Pods-Hearld_iOS_v2.release.xcconfig */,
			);
			name = Pods;
			sourceTree = "<group>";
		};
/* End PBXGroup section */

/* Begin PBXNativeTarget section */
		53915EB41F9CE07800AA0B81 /* Hearld_iOS_v2 */ = {
			isa = PBXNativeTarget;
			buildConfigurationList = 53915EC71F9CE07800AA0B81 /* Build configuration list for PBXNativeTarget "Hearld_iOS_v2" */;
			buildPhases = (
				591350325414AD851688FF8C /* [CP] Check Pods Manifest.lock */,
				53915EB11F9CE07800AA0B81 /* Sources */,
				53915EB21F9CE07800AA0B81 /* Frameworks */,
				53915EB31F9CE07800AA0B81 /* Resources */,
				A8CFEB3A333324A204ED9859 /* [CP] Embed Pods Frameworks */,
				E100C664561EA42AE6BC92CF /* [CP] Copy Pods Resources */,
			);
			buildRules = (
			);
			dependencies = (
			);
			name = Hearld_iOS_v2;
			productName = Hearld_iOS_v2;
			productReference = 53915EB51F9CE07800AA0B81 /* Hearld_iOS_v2.app */;
			productType = "com.apple.product-type.application";
		};
/* End PBXNativeTarget section */

/* Begin PBXProject section */
		53915EAD1F9CE07800AA0B81 /* Project object */ = {
			isa = PBXProject;
			attributes = {
				LastSwiftUpdateCheck = 0900;
				LastUpgradeCheck = 0900;
				ORGANIZATIONNAME = Nathan;
				TargetAttributes = {
					53915EB41F9CE07800AA0B81 = {
						CreatedOnToolsVersion = 9.0.1;
						ProvisioningStyle = Automatic;
					};
				};
			};
			buildConfigurationList = 53915EB01F9CE07800AA0B81 /* Build configuration list for PBXProject "Hearld_iOS_v2" */;
			compatibilityVersion = "Xcode 8.0";
			developmentRegion = en;
			hasScannedForEncodings = 0;
			knownRegions = (
				en,
				Base,
			);
			mainGroup = 53915EAC1F9CE07800AA0B81;
			productRefGroup = 53915EB61F9CE07800AA0B81 /* Products */;
			projectDirPath = "";
			projectRoot = "";
			targets = (
				53915EB41F9CE07800AA0B81 /* Hearld_iOS_v2 */,
			);
		};
/* End PBXProject section */

/* Begin PBXResourcesBuildPhase section */
		53915EB31F9CE07800AA0B81 /* Resources */ = {
			isa = PBXResourcesBuildPhase;
			buildActionMask = 2147483647;
			files = (
				53915EC31F9CE07800AA0B81 /* LaunchScreen.storyboard in Resources */,
				53915EC01F9CE07800AA0B81 /* Assets.xcassets in Resources */,
				53915EBE1F9CE07800AA0B81 /* Main.storyboard in Resources */,
			);
			runOnlyForDeploymentPostprocessing = 0;
		};
/* End PBXResourcesBuildPhase section */

/* Begin PBXShellScriptBuildPhase section */
		591350325414AD851688FF8C /* [CP] Check Pods Manifest.lock */ = {
			isa = PBXShellScriptBuildPhase;
			buildActionMask = 2147483647;
			files = (
			);
			inputPaths = (
				"${PODS_PODFILE_DIR_PATH}/Podfile.lock",
				"${PODS_ROOT}/Manifest.lock",
			);
			name = "[CP] Check Pods Manifest.lock";
			outputPaths = (
				"$(DERIVED_FILE_DIR)/Pods-Hearld_iOS_v2-checkManifestLockResult.txt",
			);
			runOnlyForDeploymentPostprocessing = 0;
			shellPath = /bin/sh;
			shellScript = "diff \"${PODS_PODFILE_DIR_PATH}/Podfile.lock\" \"${PODS_ROOT}/Manifest.lock\" > /dev/null\nif [ $? != 0 ] ; then\n    # print error to STDERR\n    echo \"error: The sandbox is not in sync with the Podfile.lock. Run 'pod install' or update your CocoaPods installation.\" >&2\n    exit 1\nfi\n# This output is used by Xcode 'outputs' to avoid re-running this script phase.\necho \"SUCCESS\" > \"${SCRIPT_OUTPUT_FILE_0}\"\n";
			showEnvVarsInLog = 0;
		};
		A8CFEB3A333324A204ED9859 /* [CP] Embed Pods Frameworks */ = {
			isa = PBXShellScriptBuildPhase;
			buildActionMask = 2147483647;
			files = (
			);
			inputPaths = (
				"${SRCROOT}/Pods/Target Support Files/Pods-Hearld_iOS_v2/Pods-Hearld_iOS_v2-frameworks.sh",
				"${BUILT_PRODUCTS_DIR}/Alamofire/Alamofire.framework",
				"${BUILT_PRODUCTS_DIR}/Differentiator/Differentiator.framework",
				"${BUILT_PRODUCTS_DIR}/Moya/Moya.framework",
				"${BUILT_PRODUCTS_DIR}/Realm/Realm.framework",
				"${BUILT_PRODUCTS_DIR}/RealmSwift/RealmSwift.framework",
				"${BUILT_PRODUCTS_DIR}/Result/Result.framework",
				"${BUILT_PRODUCTS_DIR}/RxCocoa/RxCocoa.framework",
				"${BUILT_PRODUCTS_DIR}/RxDataSources/RxDataSources.framework",
				"${BUILT_PRODUCTS_DIR}/RxSwift/RxSwift.framework",
				"${BUILT_PRODUCTS_DIR}/SDWebImage/SDWebImage.framework",
				"${BUILT_PRODUCTS_DIR}/SVProgressHUD/SVProgressHUD.framework",
				"${BUILT_PRODUCTS_DIR}/SnapKit/SnapKit.framework",
				"${BUILT_PRODUCTS_DIR}/SwiftyJSON/SwiftyJSON.framework",
				"${BUILT_PRODUCTS_DIR}/UnlimitedCarousel/UnlimitedCarousel.framework",
			);
			name = "[CP] Embed Pods Frameworks";
			outputPaths = (
				"${TARGET_BUILD_DIR}/${FRAMEWORKS_FOLDER_PATH}/Alamofire.framework",
				"${TARGET_BUILD_DIR}/${FRAMEWORKS_FOLDER_PATH}/Differentiator.framework",
				"${TARGET_BUILD_DIR}/${FRAMEWORKS_FOLDER_PATH}/Moya.framework",
				"${TARGET_BUILD_DIR}/${FRAMEWORKS_FOLDER_PATH}/Realm.framework",
				"${TARGET_BUILD_DIR}/${FRAMEWORKS_FOLDER_PATH}/RealmSwift.framework",
				"${TARGET_BUILD_DIR}/${FRAMEWORKS_FOLDER_PATH}/Result.framework",
				"${TARGET_BUILD_DIR}/${FRAMEWORKS_FOLDER_PATH}/RxCocoa.framework",
				"${TARGET_BUILD_DIR}/${FRAMEWORKS_FOLDER_PATH}/RxDataSources.framework",
				"${TARGET_BUILD_DIR}/${FRAMEWORKS_FOLDER_PATH}/RxSwift.framework",
				"${TARGET_BUILD_DIR}/${FRAMEWORKS_FOLDER_PATH}/SDWebImage.framework",
				"${TARGET_BUILD_DIR}/${FRAMEWORKS_FOLDER_PATH}/SVProgressHUD.framework",
				"${TARGET_BUILD_DIR}/${FRAMEWORKS_FOLDER_PATH}/SnapKit.framework",
				"${TARGET_BUILD_DIR}/${FRAMEWORKS_FOLDER_PATH}/SwiftyJSON.framework",
				"${TARGET_BUILD_DIR}/${FRAMEWORKS_FOLDER_PATH}/UnlimitedCarousel.framework",
			);
			runOnlyForDeploymentPostprocessing = 0;
			shellPath = /bin/sh;
			shellScript = "\"${SRCROOT}/Pods/Target Support Files/Pods-Hearld_iOS_v2/Pods-Hearld_iOS_v2-frameworks.sh\"\n";
			showEnvVarsInLog = 0;
		};
		E100C664561EA42AE6BC92CF /* [CP] Copy Pods Resources */ = {
			isa = PBXShellScriptBuildPhase;
			buildActionMask = 2147483647;
			files = (
			);
			inputPaths = (
			);
			name = "[CP] Copy Pods Resources";
			outputPaths = (
			);
			runOnlyForDeploymentPostprocessing = 0;
			shellPath = /bin/sh;
			shellScript = "\"${SRCROOT}/Pods/Target Support Files/Pods-Hearld_iOS_v2/Pods-Hearld_iOS_v2-resources.sh\"\n";
			showEnvVarsInLog = 0;
		};
/* End PBXShellScriptBuildPhase section */

/* Begin PBXSourcesBuildPhase section */
		53915EB11F9CE07800AA0B81 /* Sources */ = {
			isa = PBXSourcesBuildPhase;
			buildActionMask = 2147483647;
			files = (
				1DB413B1205040AC00E156C7 /* SRTPTableViewDelegate.swift in Sources */,
				538581951F9E1D2E003933FA /* LoginModel.swift in Sources */,
				1DB413C0205040C000E156C7 /* LectureModel.swift in Sources */,
				53352EF01FA9B04D003F89D8 /* TextAttributesHelper.swift in Sources */,
				1DB413B5205040AC00E156C7 /* SRTPStatusTableViewCell.swift in Sources */,
				5385819F1F9E4556003933FA /* SnapKit.swift in Sources */,
				1DB413A12050405C00E156C7 /* GPATableViewCell.swift in Sources */,
				533F8FE41FA86D3400040A01 /* HomeViewController.swift in Sources */,
				538581A31F9E459D003933FA /* ApiRouter.swift in Sources */,
				538581931F9E1CC9003933FA /* LoginViewModel.swift in Sources */,
				1DB413C1205040C000E156C7 /* LectureTableViewCell.swift in Sources */,
				533F8FDE1FA86CBB00040A01 /* ActivityViewController.swift in Sources */,
				1DB413A52050405C00E156C7 /* GPAViewController.swift in Sources */,
				1DB413A32050405C00E156C7 /* GPAStatusTableViewCell.swift in Sources */,
				1DB413BF205040C000E156C7 /* LectureTableViewDelegate.swift in Sources */,
				539C404C1FAF6E2600EBADC1 /* NormalTableViewCell.swift in Sources */,
				5385819C1F9E4356003933FA /* MainTabBarController.swift in Sources */,
				53877D731FAB792000606E6B /* ActivityModel.swift in Sources */,
				53D6F8681F9E55CE00CF248F /* ValidInputHelper.swift in Sources */,
				533F8FE61FA86F9F00040A01 /* User.swift in Sources */,
				1D826D942050FE83006C8478 /* LectureStatusTableViewCell.swift in Sources */,
				1DB413B2205040AC00E156C7 /* SRTPTableViewCell.swift in Sources */,
				1DB413B3205040AC00E156C7 /* SRTPViewController.swift in Sources */,
				533F8FD91FA78A8700040A01 /* ErrorHelper.swift in Sources */,
				53877D711FAB731000606E6B /* ActivityTableViewCell.swift in Sources */,
				538581981F9E1EDF003933FA /* HearldUserDefault.swift in Sources */,
				1D826DA02052C223006C8478 /* InfoViewModel.swift in Sources */,
				5335CF1E1FB2F6F5001AE6E0 /* CarouselFigureViewModel.swift in Sources */,
				538581A11F9E4586003933FA /* Realm.swift in Sources */,
				53877D841FADDEA300606E6B /* PullLoadFooter.swift in Sources */,
				5325CA8A202969D100FE3974 /* CarouselProtocol.swift in Sources */,
				5335CF181FB1AC61001AE6E0 /* HomeTableViewDelegate.swift in Sources */,
				53877D801FADCF4F00606E6B /* SwipeRefreshHeader.swift in Sources */,
				53877D791FAD4DD700606E6B /* GCalendar.swift in Sources */,
				1DB413BD205040C000E156C7 /* LectureViewModel.swift in Sources */,
				53877D7D1FAD64E900606E6B /* SubTitleTableViewCell.swift in Sources */,
				533F8FE11FA86CDB00040A01 /* MineViewController.swift in Sources */,
				538581A71F9E45DD003933FA /* ExtUIImage.swift in Sources */,
				53915ED41F9CE22900AA0B81 /* LoginViewController.swift in Sources */,
				1DB413B4205040AC00E156C7 /* SRTPModel.swift in Sources */,
				5385819A1F9E4327003933FA /* MainNavigationController.swift in Sources */,
				538581911F9E1C99003933FA /* ExtUIView.swift in Sources */,
				1DB413BE205040C000E156C7 /* LectureViewController.swift in Sources */,
				1DB413A42050405C00E156C7 /* GPATableViewDelegate.swift in Sources */,
				1DB413B6205040AC00E156C7 /* SRTPViewModel.swift in Sources */,
				1D826D9620514E70006C8478 /* InfoModel.swift in Sources */,
				1DB413A62050405C00E156C7 /* GPAViewModel.swift in Sources */,
				1DB413A22050405C00E156C7 /* GPAModel.swift in Sources */,
				53877D7B1FAD635E00606E6B /* SwitchTableViewCell.swift in Sources */,
				53877D821FADD6EE00606E6B /* ExtUIViewController.swift in Sources */,
				53877D751FAB793100606E6B /* ActivityViewModel.swift in Sources */,
				5335CF1B1FB2F677001AE6E0 /* CarouselFigureModel.swift in Sources */,
				53877D771FAC36C600606E6B /* ActivityTableViewDelegate.swift in Sources */,
				5335CF161FB1AA10001AE6E0 /* CarouselFigureCell.swift in Sources */,
				53E354272070C2DB00D48373 /* InfoTableViewCell.swift in Sources */,
				539C40481FAF4B6100EBADC1 /* WebViewController.swift in Sources */,
				539C404A1FAF568200EBADC1 /* MineTableViewDelegate.swift in Sources */,
				53E354292070C5DC00D48373 /* HeraldColorHelper.swift in Sources */,
				538581A51F9E45AF003933FA /* ExtString.swift in Sources */,
				53915EB91F9CE07800AA0B81 /* AppDelegate.swift in Sources */,
			);
			runOnlyForDeploymentPostprocessing = 0;
		};
/* End PBXSourcesBuildPhase section */

/* Begin PBXVariantGroup section */
		53915EBC1F9CE07800AA0B81 /* Main.storyboard */ = {
			isa = PBXVariantGroup;
			children = (
				53915EBD1F9CE07800AA0B81 /* Base */,
			);
			name = Main.storyboard;
			sourceTree = "<group>";
		};
		53915EC11F9CE07800AA0B81 /* LaunchScreen.storyboard */ = {
			isa = PBXVariantGroup;
			children = (
				53915EC21F9CE07800AA0B81 /* Base */,
			);
			name = LaunchScreen.storyboard;
			sourceTree = "<group>";
		};
/* End PBXVariantGroup section */

/* Begin XCBuildConfiguration section */
		53915EC51F9CE07800AA0B81 /* Debug */ = {
			isa = XCBuildConfiguration;
			buildSettings = {
				ALWAYS_SEARCH_USER_PATHS = NO;
				CLANG_ANALYZER_NONNULL = YES;
				CLANG_ANALYZER_NUMBER_OBJECT_CONVERSION = YES_AGGRESSIVE;
				CLANG_CXX_LANGUAGE_STANDARD = "gnu++14";
				CLANG_CXX_LIBRARY = "libc++";
				CLANG_ENABLE_MODULES = YES;
				CLANG_ENABLE_OBJC_ARC = YES;
				CLANG_WARN_BLOCK_CAPTURE_AUTORELEASING = YES;
				CLANG_WARN_BOOL_CONVERSION = YES;
				CLANG_WARN_COMMA = YES;
				CLANG_WARN_CONSTANT_CONVERSION = YES;
				CLANG_WARN_DIRECT_OBJC_ISA_USAGE = YES_ERROR;
				CLANG_WARN_DOCUMENTATION_COMMENTS = YES;
				CLANG_WARN_EMPTY_BODY = YES;
				CLANG_WARN_ENUM_CONVERSION = YES;
				CLANG_WARN_INFINITE_RECURSION = YES;
				CLANG_WARN_INT_CONVERSION = YES;
				CLANG_WARN_NON_LITERAL_NULL_CONVERSION = YES;
				CLANG_WARN_OBJC_LITERAL_CONVERSION = YES;
				CLANG_WARN_OBJC_ROOT_CLASS = YES_ERROR;
				CLANG_WARN_RANGE_LOOP_ANALYSIS = YES;
				CLANG_WARN_STRICT_PROTOTYPES = YES;
				CLANG_WARN_SUSPICIOUS_MOVE = YES;
				CLANG_WARN_UNGUARDED_AVAILABILITY = YES_AGGRESSIVE;
				CLANG_WARN_UNREACHABLE_CODE = YES;
				CLANG_WARN__DUPLICATE_METHOD_MATCH = YES;
				CODE_SIGN_IDENTITY = "iPhone Developer";
				COPY_PHASE_STRIP = NO;
				DEBUG_INFORMATION_FORMAT = dwarf;
				ENABLE_STRICT_OBJC_MSGSEND = YES;
				ENABLE_TESTABILITY = YES;
				GCC_C_LANGUAGE_STANDARD = gnu11;
				GCC_DYNAMIC_NO_PIC = NO;
				GCC_NO_COMMON_BLOCKS = YES;
				GCC_OPTIMIZATION_LEVEL = 0;
				GCC_PREPROCESSOR_DEFINITIONS = (
					"DEBUG=1",
					"$(inherited)",
				);
				GCC_WARN_64_TO_32_BIT_CONVERSION = YES;
				GCC_WARN_ABOUT_RETURN_TYPE = YES_ERROR;
				GCC_WARN_UNDECLARED_SELECTOR = YES;
				GCC_WARN_UNINITIALIZED_AUTOS = YES_AGGRESSIVE;
				GCC_WARN_UNUSED_FUNCTION = YES;
				GCC_WARN_UNUSED_VARIABLE = YES;
				IPHONEOS_DEPLOYMENT_TARGET = 11.0;
				MTL_ENABLE_DEBUG_INFO = YES;
				ONLY_ACTIVE_ARCH = YES;
				SDKROOT = iphoneos;
				SWIFT_ACTIVE_COMPILATION_CONDITIONS = DEBUG;
				SWIFT_OPTIMIZATION_LEVEL = "-Onone";
			};
			name = Debug;
		};
		53915EC61F9CE07800AA0B81 /* Release */ = {
			isa = XCBuildConfiguration;
			buildSettings = {
				ALWAYS_SEARCH_USER_PATHS = NO;
				CLANG_ANALYZER_NONNULL = YES;
				CLANG_ANALYZER_NUMBER_OBJECT_CONVERSION = YES_AGGRESSIVE;
				CLANG_CXX_LANGUAGE_STANDARD = "gnu++14";
				CLANG_CXX_LIBRARY = "libc++";
				CLANG_ENABLE_MODULES = YES;
				CLANG_ENABLE_OBJC_ARC = YES;
				CLANG_WARN_BLOCK_CAPTURE_AUTORELEASING = YES;
				CLANG_WARN_BOOL_CONVERSION = YES;
				CLANG_WARN_COMMA = YES;
				CLANG_WARN_CONSTANT_CONVERSION = YES;
				CLANG_WARN_DIRECT_OBJC_ISA_USAGE = YES_ERROR;
				CLANG_WARN_DOCUMENTATION_COMMENTS = YES;
				CLANG_WARN_EMPTY_BODY = YES;
				CLANG_WARN_ENUM_CONVERSION = YES;
				CLANG_WARN_INFINITE_RECURSION = YES;
				CLANG_WARN_INT_CONVERSION = YES;
				CLANG_WARN_NON_LITERAL_NULL_CONVERSION = YES;
				CLANG_WARN_OBJC_LITERAL_CONVERSION = YES;
				CLANG_WARN_OBJC_ROOT_CLASS = YES_ERROR;
				CLANG_WARN_RANGE_LOOP_ANALYSIS = YES;
				CLANG_WARN_STRICT_PROTOTYPES = YES;
				CLANG_WARN_SUSPICIOUS_MOVE = YES;
				CLANG_WARN_UNGUARDED_AVAILABILITY = YES_AGGRESSIVE;
				CLANG_WARN_UNREACHABLE_CODE = YES;
				CLANG_WARN__DUPLICATE_METHOD_MATCH = YES;
				CODE_SIGN_IDENTITY = "iPhone Developer";
				COPY_PHASE_STRIP = NO;
				DEBUG_INFORMATION_FORMAT = "dwarf-with-dsym";
				ENABLE_NS_ASSERTIONS = NO;
				ENABLE_STRICT_OBJC_MSGSEND = YES;
				GCC_C_LANGUAGE_STANDARD = gnu11;
				GCC_NO_COMMON_BLOCKS = YES;
				GCC_WARN_64_TO_32_BIT_CONVERSION = YES;
				GCC_WARN_ABOUT_RETURN_TYPE = YES_ERROR;
				GCC_WARN_UNDECLARED_SELECTOR = YES;
				GCC_WARN_UNINITIALIZED_AUTOS = YES_AGGRESSIVE;
				GCC_WARN_UNUSED_FUNCTION = YES;
				GCC_WARN_UNUSED_VARIABLE = YES;
				IPHONEOS_DEPLOYMENT_TARGET = 11.0;
				MTL_ENABLE_DEBUG_INFO = NO;
				SDKROOT = iphoneos;
				SWIFT_OPTIMIZATION_LEVEL = "-Owholemodule";
				VALIDATE_PRODUCT = YES;
			};
			name = Release;
		};
		53915EC81F9CE07800AA0B81 /* Debug */ = {
			isa = XCBuildConfiguration;
			baseConfigurationReference = 7508DE1DAD4A0E65179A11D2 /* Pods-Hearld_iOS_v2.debug.xcconfig */;
			buildSettings = {
				ASSETCATALOG_COMPILER_APPICON_NAME = AppIcon;
				CODE_SIGN_STYLE = Automatic;
				DEVELOPMENT_TEAM = "";
				INFOPLIST_FILE = Hearld_iOS_v2/SupportingFiles/Info.plist;
				LD_RUNPATH_SEARCH_PATHS = "$(inherited) @executable_path/Frameworks";
				PRODUCT_BUNDLE_IDENTIFIER = "nathan.Hearld-iOS-v2";
				PRODUCT_NAME = "$(TARGET_NAME)";
				SWIFT_VERSION = 3.0;
				TARGETED_DEVICE_FAMILY = "1,2";
			};
			name = Debug;
		};
		53915EC91F9CE07800AA0B81 /* Release */ = {
			isa = XCBuildConfiguration;
			baseConfigurationReference = EE83E3FEDD6016DA3F021CE1 /* Pods-Hearld_iOS_v2.release.xcconfig */;
			buildSettings = {
				ASSETCATALOG_COMPILER_APPICON_NAME = AppIcon;
				CODE_SIGN_STYLE = Automatic;
				DEVELOPMENT_TEAM = "";
				INFOPLIST_FILE = Hearld_iOS_v2/SupportingFiles/Info.plist;
				LD_RUNPATH_SEARCH_PATHS = "$(inherited) @executable_path/Frameworks";
				PRODUCT_BUNDLE_IDENTIFIER = "nathan.Hearld-iOS-v2";
				PRODUCT_NAME = "$(TARGET_NAME)";
				SWIFT_VERSION = 3.0;
				TARGETED_DEVICE_FAMILY = "1,2";
			};
			name = Release;
		};
/* End XCBuildConfiguration section */

/* Begin XCConfigurationList section */
		53915EB01F9CE07800AA0B81 /* Build configuration list for PBXProject "Hearld_iOS_v2" */ = {
			isa = XCConfigurationList;
			buildConfigurations = (
				53915EC51F9CE07800AA0B81 /* Debug */,
				53915EC61F9CE07800AA0B81 /* Release */,
			);
			defaultConfigurationIsVisible = 0;
			defaultConfigurationName = Release;
		};
		53915EC71F9CE07800AA0B81 /* Build configuration list for PBXNativeTarget "Hearld_iOS_v2" */ = {
			isa = XCConfigurationList;
			buildConfigurations = (
				53915EC81F9CE07800AA0B81 /* Debug */,
				53915EC91F9CE07800AA0B81 /* Release */,
			);
			defaultConfigurationIsVisible = 0;
			defaultConfigurationName = Release;
		};
/* End XCConfigurationList section */
	};
	rootObject = 53915EAD1F9CE07800AA0B81 /* Project object */;
}
